PODS:
  - Flutter (1.0.0)
  - UMF (0.0.1)
  - vanguard_media_engine (0.0.1):
    - Flutter
    - UMF
  - vanguard_media_engine/Tests (0.0.1):
    - Flutter
    - UMF

DEPENDENCIES:
  - Flutter (from `Flutter`)
  - UMF (from `../../../UMF/ios`)
  - vanguard_media_engine (from `.symlinks/plugins/vanguard_media_engine/ios`)
  - vanguard_media_engine/Tests (from `.symlinks/plugins/vanguard_media_engine/ios`)

EXTERNAL SOURCES:
  Flutter:
    :path: Flutter
  UMF:
    :path: "../../../UMF/ios"
  vanguard_media_engine:
    :path: ".symlinks/plugins/vanguard_media_engine/ios"

SPEC CHECKSUMS:
  Flutter: cabc95a1d2626b1b06e7179b784ebcf0c0cde467
  UMF: 6bf2b6ae15741ea3fa28a33794a06a724d629619
  vanguard_media_engine: a756a42c7f5ae58bfbd572439c5e3229dcc6f099

PODFILE CHECKSUM: e79bd32f28b51bcf9a92a0ba8da552bf1c6fa50b

COCOAPODS: 1.16.2
